{
  "name": "priv",
  "lockfileVersion": 3,
  "requires": true,
  "packages": {
    "": {
      "dependencies": {
        "@ltd/j-toml": "^1.38.0",
        "wonton": "^2.3.0"
      }
    },
    "node_modules/@ltd/j-toml": {
      "version": "1.38.0",
      "resolved": "https://registry.npmjs.org/@ltd/j-toml/-/j-toml-1.38.0.tgz",
      "integrity": "sha512-lYtBcmvHustHQtg4X7TXUu1Xa/tbLC3p2wLvgQI+fWVySguVZJF60Snxijw5EiohumxZbR10kWYFFebh1zotiw=="
    },
    "node_modules/wonton": {
      "version": "2.3.0",
      "resolved": "https://registry.npmjs.org/wonton/-/wonton-2.3.0.tgz",
      "integrity": "sha512-jpJlte64L97yNkVqEe3wFYBQCG+j8XhhKLBAd9AGYQHQMFdWbG4N77n+o+/lt9oN1m3gcmriScWN5SmmOuJ4ZA==",
      "bin": {
        "wonton": "cli.js"
      }
    }
  }
}
